[[package]]
category = "main"
description = "reference implementation of PEP 3156"
name = "asyncio"
optional = false
python-versions = "*"
version = "3.4.3"

[[package]]
category = "main"
description = "An implementation of the WebSocket Protocol (RFC 6455 & 7692)"
name = "websockets"
optional = false
python-versions = ">=3.6.1"
version = "9.0.2"

[metadata]
content-hash = "d967badad9620633158b9901b79a3d8b08b29dd089f7b7930f8789af4b308ee8"
python-versions = "^3.8"

[metadata.files]
asyncio = [
    {file = "asyncio-3.4.3-cp33-none-win32.whl", hash = "sha256:b62c9157d36187eca799c378e572c969f0da87cd5fc42ca372d92cdb06e7e1de"},
    {file = "asyncio-3.4.3-cp33-none-win_amd64.whl", hash = "sha256:c46a87b48213d7464f22d9a497b9eef8c1928b68320a2fa94240f969f6fec08c"},
    {file = "asyncio-3.4.3-py3-none-any.whl", hash = "sha256:c4d18b22701821de07bd6aea8b53d21449ec0ec5680645e5317062ea21817d2d"},
    {file = "asyncio-3.4.3.tar.gz", hash = "sha256:83360ff8bc97980e4ff25c964c7bd3923d333d177aa4f7fb736b019f26c7cb41"},
]
websockets = [
    {file = "websockets-9.0.2-cp36-cp36m-macosx_10_9_x86_64.whl", hash = "sha256:e2ea2463b55781ebdcfd853644b94ebed7adb2c0b55dee25ef4809660d64508e"},
    {file = "websockets-9.0.2-cp36-cp36m-manylinux1_i686.whl", hash = "sha256:041643544bd0c703ac67d4fc9db3108ba9edb4655000b122a1aaf5fe8d5d94b7"},
    {file = "websockets-9.0.2-cp36-cp36m-manylinux1_x86_64.whl", hash = "sha256:aff8094a36fa3bb80de9ef9f33c42cb7f5615d90f696ce33aba4974090aac5a6"},
    {file = "websockets-9.0.2-cp36-cp36m-manylinux2010_i686.whl", hash = "sha256:6de6c68d6a2dff2a10eaa96339eeab857e55de987ea93f199774e11a8a262661"},
    {file = "websockets-9.0.2-cp36-cp36m-manylinux2010_x86_64.whl", hash = "sha256:b3165c728cd17a70f0143a3e402a7e25f647ba7a7d38c4c6fa586c458bf67d27"},
    {file = "websockets-9.0.2-cp36-cp36m-manylinux2014_aarch64.whl", hash = "sha256:e7856452e03fef6f9d32c75f74b427925537ec013db2aeb0e8a13bf6b5ec1c65"},
    {file = "websockets-9.0.2-cp36-cp36m-win32.whl", hash = "sha256:87f6704568a55add8fc67a6de46d71edb6aad515be6333ae9da048c53c7ecc3e"},
    {file = "websockets-9.0.2-cp36-cp36m-win_amd64.whl", hash = "sha256:f474351c3f6aecc49d90a8ed06eb291aa0a762b64472b0ab79a4a3061e9b2118"},
    {file = "websockets-9.0.2-cp37-cp37m-macosx_10_9_x86_64.whl", hash = "sha256:73b6e6081617b8b46f50ad0179a975df94989371731e59f7b570efc3b6749415"},
    {file = "websockets-9.0.2-cp37-cp37m-manylinux1_i686.whl", hash = "sha256:075bffd2a26ad54f78ffaf36918219b24c7e59d2ead336dc402489c2ba05293f"},
    {file = "websockets-9.0.2-cp37-cp37m-manylinux1_x86_64.whl", hash = "sha256:243aab42649b1e3f58e1219be6c6adb996450d00809cdffdffd13021cf2b596a"},
    {file = "websockets-9.0.2-cp37-cp37m-manylinux2010_i686.whl", hash = "sha256:7d046f13854fb7a617d638ee4ab32583fd770e76d05cfe77b74b4ccad187c2ec"},
    {file = "websockets-9.0.2-cp37-cp37m-manylinux2010_x86_64.whl", hash = "sha256:27dc3e2dae2e8761c2001e1477973c1cef48d4a8ff08955cda91223066dfdeef"},
    {file = "websockets-9.0.2-cp37-cp37m-manylinux2014_aarch64.whl", hash = "sha256:70c317ba8fe19aa6e8eed7329a19acd8f720b7a36413cf80b6b5cc1231cd0fde"},
    {file = "websockets-9.0.2-cp37-cp37m-win32.whl", hash = "sha256:db95eff41bfed6904a42760723a4194bba808f99f72bbfaab8a8820d34ea346d"},
    {file = "websockets-9.0.2-cp37-cp37m-win_amd64.whl", hash = "sha256:2aa2a305d4baf8aef2ba57366633e55fca1653a6d038660c4512ea6e45c9d038"},
    {file = "websockets-9.0.2-cp38-cp38-macosx_10_9_x86_64.whl", hash = "sha256:120d411b4b553ee1b6f25b2bed5401564ad957c5faa0d77f581357e835cb1e27"},
    {file = "websockets-9.0.2-cp38-cp38-manylinux1_i686.whl", hash = "sha256:bd707e4aa2535f9ee67288139e75d246872b9c33a2f10ce96287b98e15794d7b"},
    {file = "websockets-9.0.2-cp38-cp38-manylinux1_x86_64.whl", hash = "sha256:7f69f950a801ed9df301c8f85873f35805df3a06b2ffe481961cb16edd94cc61"},
    {file = "websockets-9.0.2-cp38-cp38-manylinux2010_i686.whl", hash = "sha256:0675814e16a13e842d9c609a5fd584e54a38519658af6424080090379d0727c9"},
    {file = "websockets-9.0.2-cp38-cp38-manylinux2010_x86_64.whl", hash = "sha256:eece76f3aa1f710b53a8dda7dece157b2cf9b4b975db989aece5417441ffc94f"},
    {file = "websockets-9.0.2-cp38-cp38-manylinux2014_aarch64.whl", hash = "sha256:947c5c8624a45d7f25d90c07906459af51b711906e52e932aee368299561100c"},
    {file = "websockets-9.0.2-cp38-cp38-win32.whl", hash = "sha256:0fba718694519ad310d6de90a416c592c9d9c7231e4a8d43d9e8f6ca73d6ef84"},
    {file = "websockets-9.0.2-cp38-cp38-win_amd64.whl", hash = "sha256:b002d1a8974b734c6c1779439e6c4669ac786f9cd978faab9f9ca32a59256537"},
    {file = "websockets-9.0.2-cp39-cp39-macosx_10_9_x86_64.whl", hash = "sha256:b755e640c3644f6bf9ebfc67220f56b40af6f0b750c88cdea872667aab0b29bd"},
    {file = "websockets-9.0.2-cp39-cp39-manylinux1_i686.whl", hash = "sha256:039ca218df60228f70ae57c0236e4c001643555e08c16dbd2affb740098aa409"},
    {file = "websockets-9.0.2-cp39-cp39-manylinux1_x86_64.whl", hash = "sha256:26d74a477a97731708a23f4cd818a29beb8f8fdde2aa7e1504954c5ed7bca59d"},
    {file = "websockets-9.0.2-cp39-cp39-manylinux2010_i686.whl", hash = "sha256:ee4eb10f4dc7b08ee0a69f00fcb109ac73f1b8719abf09e93121fb3c95aecc78"},
    {file = "websockets-9.0.2-cp39-cp39-manylinux2010_x86_64.whl", hash = "sha256:b3850516029cc77c1911c62e5ccde3438a223d99b505b37abcac43f9a944c42f"},
    {file = "websockets-9.0.2-cp39-cp39-manylinux2014_aarch64.whl", hash = "sha256:e9918588676ba6d20bdc13d0156b0f70d60772a9000666b44d11c5e18c289c0c"},
    {file = "websockets-9.0.2-cp39-cp39-win32.whl", hash = "sha256:07bf4e7b8ed81f14c726f59cf05469049a624765d1833af31be7bfaf8168bfa2"},
    {file = "websockets-9.0.2-cp39-cp39-win_amd64.whl", hash = "sha256:fe4a0ee6f7385d5863d1e9e33ac0cfaa9ad38e21c6ccbce1895490c3be6a8e54"},
    {file = "websockets-9.0.2.tar.gz", hash = "sha256:6550ecf06e39b7b009605d332dc58b04f3f6f8fe087d452bb2ea4712fbbdcbe6"},
]
